
Microsoft Visual Studio Solution File, Format Version 12.00
# Visual Studio Version 16
VisualStudioVersion = 16.0.31313.79
MinimumVisualStudioVersion = 10.0.40219.1
Project("{9A19103F-16F7-4668-BE54-9A1E7A4F7556}") = "CrossDock", "CrossDock\CrossDock.csproj", "{D65A95EE-9338-4939-9BF3-3137E7CE3275}"
EndProject
Project("{9A19103F-16F7-4668-BE54-9A1E7A4F7556}") = "CrossDockUnitTests", "CrossDockUnitTests\CrossDockUnitTests.csproj", "{28C20469-95DE-4B0D-AF53-17C0356B3C1F}"
EndProject
Project("{FAE04EC0-301F-11D3-BF4B-00C04F79EFBC}") = "CrossDockTests", "CrossDockTests\CrossDockTests.csproj", "{E0DA83AC-C084-439C-9757-8C917883417F}"
EndProject
Global
	GlobalSection(SolutionConfigurationPlatforms) = preSolution
		Debug|Any CPU = Debug|Any CPU
		Release|Any CPU = Release|Any CPU
	EndGlobalSection
	GlobalSection(ProjectConfigurationPlatforms) = postSolution
		{D65A95EE-9338-4939-9BF3-3137E7CE3275}.Debug|Any CPU.ActiveCfg = Debug|Any CPU
		{D65A95EE-9338-4939-9BF3-3137E7CE3275}.Debug|Any CPU.Build.0 = Debug|Any CPU
		{D65A95EE-9338-4939-9BF3-3137E7CE3275}.Release|Any CPU.ActiveCfg = Release|Any CPU
		{D65A95EE-9338-4939-9BF3-3137E7CE3275}.Release|Any CPU.Build.0 = Release|Any CPU
		{28C20469-95DE-4B0D-AF53-17C0356B3C1F}.Debug|Any CPU.ActiveCfg = Debug|Any CPU
		{28C20469-95DE-4B0D-AF53-17C0356B3C1F}.Debug|Any CPU.Build.0 = Debug|Any CPU
		{28C20469-95DE-4B0D-AF53-17C0356B3C1F}.Release|Any CPU.ActiveCfg = Release|Any CPU
		{28C20469-95DE-4B0D-AF53-17C0356B3C1F}.Release|Any CPU.Build.0 = Release|Any CPU
		{E0DA83AC-C084-439C-9757-8C917883417F}.Debug|Any CPU.ActiveCfg = Debug|Any CPU
		{E0DA83AC-C084-439C-9757-8C917883417F}.Debug|Any CPU.Build.0 = Debug|Any CPU
		{E0DA83AC-C084-439C-9757-8C917883417F}.Release|Any CPU.ActiveCfg = Release|Any CPU
		{E0DA83AC-C084-439C-9757-8C917883417F}.Release|Any CPU.Build.0 = Release|Any CPU
	EndGlobalSection
	GlobalSection(SolutionProperties) = preSolution
		HideSolutionNode = FALSE
	EndGlobalSection
	GlobalSection(ExtensibilityGlobals) = postSolution
		SolutionGuid = {4C886F55-2614-44EF-BDFB-D013755A690D}
	EndGlobalSection
EndGlobal
